
Microsoft Visual Studio Solution File, Format Version 12.00
# Visual Studio Version 17
VisualStudioVersion = 17.6.33723.286
MinimumVisualStudioVersion = 10.0.40219.1
Project("{FAE04EC0-301F-11D3-BF4B-00C04F79EFBC}") = "CloudERP", "CloudERP\CloudERP.csproj", "{E7BFE552-962E-4C3C-A6B6-BD764FB13EA9}"
EndProject
Project("{FAE04EC0-301F-11D3-BF4B-00C04F79EFBC}") = "DatabaseAccess", "DatabaseAccess\DatabaseAccess.csproj", "{E0EACE6C-1DC7-4469-BD76-5C4813BAF619}"
EndProject
Project("{FAE04EC0-301F-11D3-BF4B-00C04F79EFBC}") = "Domain", "Domain\Domain.csproj", "{5592D734-AA72-49CB-9C89-F26BE58D7457}"
EndProject
Project("{FAE04EC0-301F-11D3-BF4B-00C04F79EFBC}") = "UnitTests", "UnitTests\UnitTests.csproj", "{C092F293-E9C5-424C-8E07-565BC2FEB133}"
EndProject
Project("{FAE04EC0-301F-11D3-BF4B-00C04F79EFBC}") = "Services", "Services\Services.csproj", "{64451A58-5729-4F78-B79F-BB58DB216B0B}"
EndProject
Project("{FAE04EC0-301F-11D3-BF4B-00C04F79EFBC}") = "Utils", "Utils\Utils.csproj", "{2C919958-5165-4D49-A535-C9640F6FA388}"
EndProject
Project("{FAE04EC0-301F-11D3-BF4B-00C04F79EFBC}") = "Localization", "Localization\Localization.csproj", "{192F480E-819D-472B-B327-0EDAE67BFAE6}"
EndProject
Project("{FAE04EC0-301F-11D3-BF4B-00C04F79EFBC}") = "API", "API\API.csproj", "{D8D64269-9D65-499D-B4CD-4EEBD86534AA}"
EndProject
Global
	GlobalSection(SolutionConfigurationPlatforms) = preSolution
		Debug|Any CPU = Debug|Any CPU
		Release|Any CPU = Release|Any CPU
	EndGlobalSection
	GlobalSection(ProjectConfigurationPlatforms) = postSolution
		{E7BFE552-962E-4C3C-A6B6-BD764FB13EA9}.Debug|Any CPU.ActiveCfg = Debug|Any CPU
		{E7BFE552-962E-4C3C-A6B6-BD764FB13EA9}.Debug|Any CPU.Build.0 = Debug|Any CPU
		{E7BFE552-962E-4C3C-A6B6-BD764FB13EA9}.Release|Any CPU.ActiveCfg = Release|Any CPU
		{E7BFE552-962E-4C3C-A6B6-BD764FB13EA9}.Release|Any CPU.Build.0 = Release|Any CPU
		{E0EACE6C-1DC7-4469-BD76-5C4813BAF619}.Debug|Any CPU.ActiveCfg = Debug|Any CPU
		{E0EACE6C-1DC7-4469-BD76-5C4813BAF619}.Debug|Any CPU.Build.0 = Debug|Any CPU
		{E0EACE6C-1DC7-4469-BD76-5C4813BAF619}.Release|Any CPU.ActiveCfg = Release|Any CPU
		{E0EACE6C-1DC7-4469-BD76-5C4813BAF619}.Release|Any CPU.Build.0 = Release|Any CPU
		{5592D734-AA72-49CB-9C89-F26BE58D7457}.Debug|Any CPU.ActiveCfg = Debug|Any CPU
		{5592D734-AA72-49CB-9C89-F26BE58D7457}.Debug|Any CPU.Build.0 = Debug|Any CPU
		{5592D734-AA72-49CB-9C89-F26BE58D7457}.Release|Any CPU.ActiveCfg = Release|Any CPU
		{5592D734-AA72-49CB-9C89-F26BE58D7457}.Release|Any CPU.Build.0 = Release|Any CPU
		{C092F293-E9C5-424C-8E07-565BC2FEB133}.Debug|Any CPU.ActiveCfg = Debug|Any CPU
		{C092F293-E9C5-424C-8E07-565BC2FEB133}.Debug|Any CPU.Build.0 = Debug|Any CPU
		{C092F293-E9C5-424C-8E07-565BC2FEB133}.Release|Any CPU.ActiveCfg = Release|Any CPU
		{C092F293-E9C5-424C-8E07-565BC2FEB133}.Release|Any CPU.Build.0 = Release|Any CPU
		{64451A58-5729-4F78-B79F-BB58DB216B0B}.Debug|Any CPU.ActiveCfg = Debug|Any CPU
		{64451A58-5729-4F78-B79F-BB58DB216B0B}.Debug|Any CPU.Build.0 = Debug|Any CPU
		{64451A58-5729-4F78-B79F-BB58DB216B0B}.Release|Any CPU.ActiveCfg = Release|Any CPU
		{64451A58-5729-4F78-B79F-BB58DB216B0B}.Release|Any CPU.Build.0 = Release|Any CPU
		{2C919958-5165-4D49-A535-C9640F6FA388}.Debug|Any CPU.ActiveCfg = Debug|Any CPU
		{2C919958-5165-4D49-A535-C9640F6FA388}.Debug|Any CPU.Build.0 = Debug|Any CPU
		{2C919958-5165-4D49-A535-C9640F6FA388}.Release|Any CPU.ActiveCfg = Release|Any CPU
		{2C919958-5165-4D49-A535-C9640F6FA388}.Release|Any CPU.Build.0 = Release|Any CPU
		{192F480E-819D-472B-B327-0EDAE67BFAE6}.Debug|Any CPU.ActiveCfg = Debug|Any CPU
		{192F480E-819D-472B-B327-0EDAE67BFAE6}.Debug|Any CPU.Build.0 = Debug|Any CPU
		{192F480E-819D-472B-B327-0EDAE67BFAE6}.Release|Any CPU.ActiveCfg = Release|Any CPU
		{192F480E-819D-472B-B327-0EDAE67BFAE6}.Release|Any CPU.Build.0 = Release|Any CPU
		{D8D64269-9D65-499D-B4CD-4EEBD86534AA}.Debug|Any CPU.ActiveCfg = Debug|Any CPU
		{D8D64269-9D65-499D-B4CD-4EEBD86534AA}.Debug|Any CPU.Build.0 = Debug|Any CPU
		{D8D64269-9D65-499D-B4CD-4EEBD86534AA}.Release|Any CPU.ActiveCfg = Release|Any CPU
		{D8D64269-9D65-499D-B4CD-4EEBD86534AA}.Release|Any CPU.Build.0 = Release|Any CPU
	EndGlobalSection
	GlobalSection(SolutionProperties) = preSolution
		HideSolutionNode = FALSE
	EndGlobalSection
	GlobalSection(ExtensibilityGlobals) = postSolution
		SolutionGuid = {00EFB7D9-1628-48D4-BFCE-57DA1F64E3AE}
	EndGlobalSection
EndGlobal
