
Microsoft Visual Studio Solution File, Format Version 12.00
# Visual Studio Version 17
VisualStudioVersion = 17.6.33723.286
MinimumVisualStudioVersion = 10.0.40219.1
Project("{FAE04EC0-301F-11D3-BF4B-00C04F79EFBC}") = "API", "API\API.csproj", "{D8D64269-9D65-499D-B4CD-4EEBD86534AA}"
EndProject
Project("{FAE04EC0-301F-11D3-BF4B-00C04F79EFBC}") = "CloudERP", "CloudERP\CloudERP.csproj", "{F932EC07-636B-4AF8-8DA2-F56A3499858F}"
EndProject
Project("{FAE04EC0-301F-11D3-BF4B-00C04F79EFBC}") = "DatabaseAccess", "DatabaseAccess\DatabaseAccess.csproj", "{CB9AD42D-265C-481D-BF2B-3AE37029571A}"
EndProject
Project("{FAE04EC0-301F-11D3-BF4B-00C04F79EFBC}") = "Utils", "Utils\Utils.csproj", "{E7B8F59C-4E5E-48C0-A64D-E831D1993F36}"
EndProject
Project("{FAE04EC0-301F-11D3-BF4B-00C04F79EFBC}") = "Services", "Services\Services.csproj", "{9E6E1F42-33C0-4FAA-ABB6-0F65A813F269}"
EndProject
Project("{FAE04EC0-301F-11D3-BF4B-00C04F79EFBC}") = "Domain", "Domain\Domain.csproj", "{09EFC464-6B73-4E38-8F6D-BB15F99FB236}"
EndProject
Project("{FAE04EC0-301F-11D3-BF4B-00C04F79EFBC}") = "Localization", "Localization\Localization.csproj", "{3BFABC29-C3ED-4919-8378-E16FBA97384D}"
EndProject
Project("{FAE04EC0-301F-11D3-BF4B-00C04F79EFBC}") = "UnitTests.API", "UnitTests.API\UnitTests.API.csproj", "{A7A6C298-706F-4F2E-B1D3-B495B098ECFD}"
EndProject
Global
	GlobalSection(SolutionConfigurationPlatforms) = preSolution
		Debug|Any CPU = Debug|Any CPU
		Release|Any CPU = Release|Any CPU
	EndGlobalSection
	GlobalSection(ProjectConfigurationPlatforms) = postSolution
		{D8D64269-9D65-499D-B4CD-4EEBD86534AA}.Debug|Any CPU.ActiveCfg = Debug|Any CPU
		{D8D64269-9D65-499D-B4CD-4EEBD86534AA}.Debug|Any CPU.Build.0 = Debug|Any CPU
		{D8D64269-9D65-499D-B4CD-4EEBD86534AA}.Release|Any CPU.ActiveCfg = Release|Any CPU
		{D8D64269-9D65-499D-B4CD-4EEBD86534AA}.Release|Any CPU.Build.0 = Release|Any CPU
		{F932EC07-636B-4AF8-8DA2-F56A3499858F}.Debug|Any CPU.ActiveCfg = Debug|Any CPU
		{F932EC07-636B-4AF8-8DA2-F56A3499858F}.Debug|Any CPU.Build.0 = Debug|Any CPU
		{F932EC07-636B-4AF8-8DA2-F56A3499858F}.Release|Any CPU.ActiveCfg = Release|Any CPU
		{F932EC07-636B-4AF8-8DA2-F56A3499858F}.Release|Any CPU.Build.0 = Release|Any CPU
		{CB9AD42D-265C-481D-BF2B-3AE37029571A}.Debug|Any CPU.ActiveCfg = Debug|Any CPU
		{CB9AD42D-265C-481D-BF2B-3AE37029571A}.Debug|Any CPU.Build.0 = Debug|Any CPU
		{CB9AD42D-265C-481D-BF2B-3AE37029571A}.Release|Any CPU.ActiveCfg = Release|Any CPU
		{CB9AD42D-265C-481D-BF2B-3AE37029571A}.Release|Any CPU.Build.0 = Release|Any CPU
		{E7B8F59C-4E5E-48C0-A64D-E831D1993F36}.Debug|Any CPU.ActiveCfg = Debug|Any CPU
		{E7B8F59C-4E5E-48C0-A64D-E831D1993F36}.Debug|Any CPU.Build.0 = Debug|Any CPU
		{E7B8F59C-4E5E-48C0-A64D-E831D1993F36}.Release|Any CPU.ActiveCfg = Release|Any CPU
		{E7B8F59C-4E5E-48C0-A64D-E831D1993F36}.Release|Any CPU.Build.0 = Release|Any CPU
		{9E6E1F42-33C0-4FAA-ABB6-0F65A813F269}.Debug|Any CPU.ActiveCfg = Debug|Any CPU
		{9E6E1F42-33C0-4FAA-ABB6-0F65A813F269}.Debug|Any CPU.Build.0 = Debug|Any CPU
		{9E6E1F42-33C0-4FAA-ABB6-0F65A813F269}.Release|Any CPU.ActiveCfg = Release|Any CPU
		{9E6E1F42-33C0-4FAA-ABB6-0F65A813F269}.Release|Any CPU.Build.0 = Release|Any CPU
		{09EFC464-6B73-4E38-8F6D-BB15F99FB236}.Debug|Any CPU.ActiveCfg = Debug|Any CPU
		{09EFC464-6B73-4E38-8F6D-BB15F99FB236}.Debug|Any CPU.Build.0 = Debug|Any CPU
		{09EFC464-6B73-4E38-8F6D-BB15F99FB236}.Release|Any CPU.ActiveCfg = Release|Any CPU
		{09EFC464-6B73-4E38-8F6D-BB15F99FB236}.Release|Any CPU.Build.0 = Release|Any CPU
		{3BFABC29-C3ED-4919-8378-E16FBA97384D}.Debug|Any CPU.ActiveCfg = Debug|Any CPU
		{3BFABC29-C3ED-4919-8378-E16FBA97384D}.Debug|Any CPU.Build.0 = Debug|Any CPU
		{3BFABC29-C3ED-4919-8378-E16FBA97384D}.Release|Any CPU.ActiveCfg = Release|Any CPU
		{3BFABC29-C3ED-4919-8378-E16FBA97384D}.Release|Any CPU.Build.0 = Release|Any CPU
		{A7A6C298-706F-4F2E-B1D3-B495B098ECFD}.Debug|Any CPU.ActiveCfg = Debug|Any CPU
		{A7A6C298-706F-4F2E-B1D3-B495B098ECFD}.Debug|Any CPU.Build.0 = Debug|Any CPU
		{A7A6C298-706F-4F2E-B1D3-B495B098ECFD}.Release|Any CPU.ActiveCfg = Release|Any CPU
		{A7A6C298-706F-4F2E-B1D3-B495B098ECFD}.Release|Any CPU.Build.0 = Release|Any CPU
	EndGlobalSection
	GlobalSection(SolutionProperties) = preSolution
		HideSolutionNode = FALSE
	EndGlobalSection
	GlobalSection(ExtensibilityGlobals) = postSolution
		SolutionGuid = {00EFB7D9-1628-48D4-BFCE-57DA1F64E3AE}
	EndGlobalSection
EndGlobal
